// !$*UTF8*$!
{
	archiveVersion = 1;
	classes = {
	};
	objectVersion = 50;
	objects = {

/* Begin PBXBuildFile section */
		D3100D9C25494686004B01DE /* CardMatchingGame.m in Sources */ = {isa = PBXBuildFile; fileRef = D3100D9B25494686004B01DE /* CardMatchingGame.m */; };
		D34D74BD2554AF6F00051B13 /* SetGameViewController.m in Sources */ = {isa = PBXBuildFile; fileRef = D34D74BC2554AF6F00051B13 /* SetGameViewController.m */; };
		D34D74C5255703DD00051B13 /* SetCard.m in Sources */ = {isa = PBXBuildFile; fileRef = D34D74C1255703DD00051B13 /* SetCard.m */; };
		D34D74C6255703DD00051B13 /* SetCardDeck.m in Sources */ = {isa = PBXBuildFile; fileRef = D34D74C2255703DD00051B13 /* SetCardDeck.m */; };
		D34D74D52557463A00051B13 /* GamesViewControllersCommon.m in Sources */ = {isa = PBXBuildFile; fileRef = D34D74D42557463A00051B13 /* GamesViewControllersCommon.m */; };
		D34D74DB255757BF00051B13 /* CardAttributedDescription.m in Sources */ = {isa = PBXBuildFile; fileRef = D34D74DA255757BF00051B13 /* CardAttributedDescription.m */; };
		D34D74E125575A1A00051B13 /* PlayingCardAttributedDescription.m in Sources */ = {isa = PBXBuildFile; fileRef = D34D74E025575A1A00051B13 /* PlayingCardAttributedDescription.m */; };
		D394F3EA25575B870028D2D5 /* SetCardAttributedDescription.m in Sources */ = {isa = PBXBuildFile; fileRef = D394F3E925575B870028D2D5 /* SetCardAttributedDescription.m */; };
		D3ABCC552546CC7300005FAB /* AppDelegate.m in Sources */ = {isa = PBXBuildFile; fileRef = D3ABCC542546CC7300005FAB /* AppDelegate.m */; };
		D3ABCC582546CC7300005FAB /* SceneDelegate.m in Sources */ = {isa = PBXBuildFile; fileRef = D3ABCC572546CC7300005FAB /* SceneDelegate.m */; };
		D3ABCC5B2546CC7300005FAB /* ViewController.m in Sources */ = {isa = PBXBuildFile; fileRef = D3ABCC5A2546CC7300005FAB /* ViewController.m */; };
		D3ABCC5E2546CC7300005FAB /* Main.storyboard in Resources */ = {isa = PBXBuildFile; fileRef = D3ABCC5C2546CC7300005FAB /* Main.storyboard */; };
		D3ABCC602546CC7400005FAB /* Assets.xcassets in Resources */ = {isa = PBXBuildFile; fileRef = D3ABCC5F2546CC7400005FAB /* Assets.xcassets */; };
		D3ABCC632546CC7400005FAB /* LaunchScreen.storyboard in Resources */ = {isa = PBXBuildFile; fileRef = D3ABCC612546CC7400005FAB /* LaunchScreen.storyboard */; };
		D3ABCC662546CC7400005FAB /* main.m in Sources */ = {isa = PBXBuildFile; fileRef = D3ABCC652546CC7400005FAB /* main.m */; };
		D3ABCC702546CC7400005FAB /* MachismoTests.m in Sources */ = {isa = PBXBuildFile; fileRef = D3ABCC6F2546CC7400005FAB /* MachismoTests.m */; };
		D3ABCC7B2546CC7400005FAB /* MachismoUITests.m in Sources */ = {isa = PBXBuildFile; fileRef = D3ABCC7A2546CC7400005FAB /* MachismoUITests.m */; };
		D3ABCCB92547090C00005FAB /* Card.m in Sources */ = {isa = PBXBuildFile; fileRef = D3ABCCB82547090C00005FAB /* Card.m */; };
		D3ABCCC725470D0100005FAB /* PlayngCard.m in Sources */ = {isa = PBXBuildFile; fileRef = D3ABCCC625470D0100005FAB /* PlayngCard.m */; };
		D3ABCCCD2547D8B400005FAB /* Deck.m in Sources */ = {isa = PBXBuildFile; fileRef = D3ABCCCC2547D8B400005FAB /* Deck.m */; };
		D3ABCCD32547DE3B00005FAB /* PlayngCardDeck.m in Sources */ = {isa = PBXBuildFile; fileRef = D3ABCCD22547DE3B00005FAB /* PlayngCardDeck.m */; };
/* End PBXBuildFile section */

/* Begin PBXContainerItemProxy section */
		D3ABCC6C2546CC7400005FAB /* PBXContainerItemProxy */ = {
			isa = PBXContainerItemProxy;
			containerPortal = D3ABCC482546CC7300005FAB /* Project object */;
			proxyType = 1;
			remoteGlobalIDString = D3ABCC4F2546CC7300005FAB;
			remoteInfo = Machismo;
		};
		D3ABCC772546CC7400005FAB /* PBXContainerItemProxy */ = {
			isa = PBXContainerItemProxy;
			containerPortal = D3ABCC482546CC7300005FAB /* Project object */;
			proxyType = 1;
			remoteGlobalIDString = D3ABCC4F2546CC7300005FAB;
			remoteInfo = Machismo;
		};
/* End PBXContainerItemProxy section */

/* Begin PBXFileReference section */
		D3100D9A25494686004B01DE /* CardMatchingGame.h */ = {isa = PBXFileReference; lastKnownFileType = sourcecode.c.h; path = CardMatchingGame.h; sourceTree = "<group>"; };
		D3100D9B25494686004B01DE /* CardMatchingGame.m */ = {isa = PBXFileReference; lastKnownFileType = sourcecode.c.objc; path = CardMatchingGame.m; sourceTree = "<group>"; };
		D34D74BB2554AF6F00051B13 /* SetGameViewController.h */ = {isa = PBXFileReference; lastKnownFileType = sourcecode.c.h; path = SetGameViewController.h; sourceTree = "<group>"; };
		D34D74BC2554AF6F00051B13 /* SetGameViewController.m */ = {isa = PBXFileReference; lastKnownFileType = sourcecode.c.objc; path = SetGameViewController.m; sourceTree = "<group>"; };
		D34D74C1255703DD00051B13 /* SetCard.m */ = {isa = PBXFileReference; fileEncoding = 4; lastKnownFileType = sourcecode.c.objc; path = SetCard.m; sourceTree = "<group>"; };
		D34D74C2255703DD00051B13 /* SetCardDeck.m */ = {isa = PBXFileReference; fileEncoding = 4; lastKnownFileType = sourcecode.c.objc; path = SetCardDeck.m; sourceTree = "<group>"; };
		D34D74C3255703DD00051B13 /* SetCardDeck.h */ = {isa = PBXFileReference; fileEncoding = 4; lastKnownFileType = sourcecode.c.h; path = SetCardDeck.h; sourceTree = "<group>"; };
		D34D74C4255703DD00051B13 /* SetCard.h */ = {isa = PBXFileReference; fileEncoding = 4; lastKnownFileType = sourcecode.c.h; path = SetCard.h; sourceTree = "<group>"; };
		D34D74D32557463A00051B13 /* GamesViewControllersCommon.h */ = {isa = PBXFileReference; lastKnownFileType = sourcecode.c.h; path = GamesViewControllersCommon.h; sourceTree = "<group>"; };
		D34D74D42557463A00051B13 /* GamesViewControllersCommon.m */ = {isa = PBXFileReference; lastKnownFileType = sourcecode.c.objc; path = GamesViewControllersCommon.m; sourceTree = "<group>"; };
		D34D74D9255757BF00051B13 /* CardAttributedDescription.h */ = {isa = PBXFileReference; lastKnownFileType = sourcecode.c.h; path = CardAttributedDescription.h; sourceTree = "<group>"; };
		D34D74DA255757BF00051B13 /* CardAttributedDescription.m */ = {isa = PBXFileReference; lastKnownFileType = sourcecode.c.objc; path = CardAttributedDescription.m; sourceTree = "<group>"; };
		D34D74DF25575A1A00051B13 /* PlayingCardAttributedDescription.h */ = {isa = PBXFileReference; lastKnownFileType = sourcecode.c.h; path = PlayingCardAttributedDescription.h; sourceTree = "<group>"; };
		D34D74E025575A1A00051B13 /* PlayingCardAttributedDescription.m */ = {isa = PBXFileReference; lastKnownFileType = sourcecode.c.objc; path = PlayingCardAttributedDescription.m; sourceTree = "<group>"; };
		D394F3E825575B870028D2D5 /* SetCardAttributedDescription.h */ = {isa = PBXFileReference; lastKnownFileType = sourcecode.c.h; path = SetCardAttributedDescription.h; sourceTree = "<group>"; };
		D394F3E925575B870028D2D5 /* SetCardAttributedDescription.m */ = {isa = PBXFileReference; lastKnownFileType = sourcecode.c.objc; path = SetCardAttributedDescription.m; sourceTree = "<group>"; };
		D3ABCC502546CC7300005FAB /* Machismo.app */ = {isa = PBXFileReference; explicitFileType = wrapper.application; includeInIndex = 0; path = Machismo.app; sourceTree = BUILT_PRODUCTS_DIR; };
		D3ABCC532546CC7300005FAB /* AppDelegate.h */ = {isa = PBXFileReference; lastKnownFileType = sourcecode.c.h; path = AppDelegate.h; sourceTree = "<group>"; };
		D3ABCC542546CC7300005FAB /* AppDelegate.m */ = {isa = PBXFileReference; lastKnownFileType = sourcecode.c.objc; path = AppDelegate.m; sourceTree = "<group>"; };
		D3ABCC562546CC7300005FAB /* SceneDelegate.h */ = {isa = PBXFileReference; lastKnownFileType = sourcecode.c.h; path = SceneDelegate.h; sourceTree = "<group>"; };
		D3ABCC572546CC7300005FAB /* SceneDelegate.m */ = {isa = PBXFileReference; lastKnownFileType = sourcecode.c.objc; path = SceneDelegate.m; sourceTree = "<group>"; };
		D3ABCC592546CC7300005FAB /* ViewController.h */ = {isa = PBXFileReference; lastKnownFileType = sourcecode.c.h; path = ViewController.h; sourceTree = "<group>"; };
		D3ABCC5A2546CC7300005FAB /* ViewController.m */ = {isa = PBXFileReference; lastKnownFileType = sourcecode.c.objc; path = ViewController.m; sourceTree = "<group>"; };
		D3ABCC5D2546CC7300005FAB /* Base */ = {isa = PBXFileReference; lastKnownFileType = file.storyboard; name = Base; path = Base.lproj/Main.storyboard; sourceTree = "<group>"; };
		D3ABCC5F2546CC7400005FAB /* Assets.xcassets */ = {isa = PBXFileReference; lastKnownFileType = folder.assetcatalog; path = Assets.xcassets; sourceTree = "<group>"; };
		D3ABCC622546CC7400005FAB /* Base */ = {isa = PBXFileReference; lastKnownFileType = file.storyboard; name = Base; path = Base.lproj/LaunchScreen.storyboard; sourceTree = "<group>"; };
		D3ABCC642546CC7400005FAB /* Info.plist */ = {isa = PBXFileReference; lastKnownFileType = text.plist.xml; path = Info.plist; sourceTree = "<group>"; };
		D3ABCC652546CC7400005FAB /* main.m */ = {isa = PBXFileReference; lastKnownFileType = sourcecode.c.objc; path = main.m; sourceTree = "<group>"; };
		D3ABCC6B2546CC7400005FAB /* MachismoTests.xctest */ = {isa = PBXFileReference; explicitFileType = wrapper.cfbundle; includeInIndex = 0; path = MachismoTests.xctest; sourceTree = BUILT_PRODUCTS_DIR; };
		D3ABCC6F2546CC7400005FAB /* MachismoTests.m */ = {isa = PBXFileReference; lastKnownFileType = sourcecode.c.objc; path = MachismoTests.m; sourceTree = "<group>"; };
		D3ABCC712546CC7400005FAB /* Info.plist */ = {isa = PBXFileReference; lastKnownFileType = text.plist.xml; path = Info.plist; sourceTree = "<group>"; };
		D3ABCC762546CC7400005FAB /* MachismoUITests.xctest */ = {isa = PBXFileReference; explicitFileType = wrapper.cfbundle; includeInIndex = 0; path = MachismoUITests.xctest; sourceTree = BUILT_PRODUCTS_DIR; };
		D3ABCC7A2546CC7400005FAB /* MachismoUITests.m */ = {isa = PBXFileReference; lastKnownFileType = sourcecode.c.objc; path = MachismoUITests.m; sourceTree = "<group>"; };
		D3ABCC7C2546CC7400005FAB /* Info.plist */ = {isa = PBXFileReference; lastKnownFileType = text.plist.xml; path = Info.plist; sourceTree = "<group>"; };
		D3ABCCB72547090C00005FAB /* Card.h */ = {isa = PBXFileReference; lastKnownFileType = sourcecode.c.h; path = Card.h; sourceTree = "<group>"; };
		D3ABCCB82547090C00005FAB /* Card.m */ = {isa = PBXFileReference; lastKnownFileType = sourcecode.c.objc; path = Card.m; sourceTree = "<group>"; };
		D3ABCCC525470D0100005FAB /* PlayngCard.h */ = {isa = PBXFileReference; lastKnownFileType = sourcecode.c.h; path = PlayngCard.h; sourceTree = "<group>"; };
		D3ABCCC625470D0100005FAB /* PlayngCard.m */ = {isa = PBXFileReference; lastKnownFileType = sourcecode.c.objc; path = PlayngCard.m; sourceTree = "<group>"; };
		D3ABCCCB2547D8B400005FAB /* Deck.h */ = {isa = PBXFileReference; lastKnownFileType = sourcecode.c.h; path = Deck.h; sourceTree = "<group>"; };
		D3ABCCCC2547D8B400005FAB /* Deck.m */ = {isa = PBXFileReference; lastKnownFileType = sourcecode.c.objc; path = Deck.m; sourceTree = "<group>"; };
		D3ABCCD12547DE3B00005FAB /* PlayngCardDeck.h */ = {isa = PBXFileReference; lastKnownFileType = sourcecode.c.h; path = PlayngCardDeck.h; sourceTree = "<group>"; };
		D3ABCCD22547DE3B00005FAB /* PlayngCardDeck.m */ = {isa = PBXFileReference; lastKnownFileType = sourcecode.c.objc; path = PlayngCardDeck.m; sourceTree = "<group>"; };
/* End PBXFileReference section */

/* Begin PBXFrameworksBuildPhase section */
		D3ABCC4D2546CC7300005FAB /* Frameworks */ = {
			isa = PBXFrameworksBuildPhase;
			buildActionMask = 2147483647;
			files = (
			);
			runOnlyForDeploymentPostprocessing = 0;
		};
		D3ABCC682546CC7400005FAB /* Frameworks */ = {
			isa = PBXFrameworksBuildPhase;
			buildActionMask = 2147483647;
			files = (
			);
			runOnlyForDeploymentPostprocessing = 0;
		};
		D3ABCC732546CC7400005FAB /* Frameworks */ = {
			isa = PBXFrameworksBuildPhase;
			buildActionMask = 2147483647;
			files = (
			);
			runOnlyForDeploymentPostprocessing = 0;
		};
/* End PBXFrameworksBuildPhase section */

/* Begin PBXGroup section */
		D3ABCC472546CC7300005FAB = {
			isa = PBXGroup;
			children = (
				D3ABCC522546CC7300005FAB /* Machismo */,
				D3ABCC6E2546CC7400005FAB /* MachismoTests */,
				D3ABCC792546CC7400005FAB /* MachismoUITests */,
				D3ABCC512546CC7300005FAB /* Products */,
			);
			sourceTree = "<group>";
		};
		D3ABCC512546CC7300005FAB /* Products */ = {
			isa = PBXGroup;
			children = (
				D3ABCC502546CC7300005FAB /* Machismo.app */,
				D3ABCC6B2546CC7400005FAB /* MachismoTests.xctest */,
				D3ABCC762546CC7400005FAB /* MachismoUITests.xctest */,
			);
			name = Products;
			sourceTree = "<group>";
		};
		D3ABCC522546CC7300005FAB /* Machismo */ = {
			isa = PBXGroup;
			children = (
				D3ABCCC125470AA000005FAB /* Supporting Files */,
				D3ABCC562546CC7300005FAB /* SceneDelegate.h */,
				D3ABCC572546CC7300005FAB /* SceneDelegate.m */,
				D3ABCC592546CC7300005FAB /* ViewController.h */,
				D3ABCC5A2546CC7300005FAB /* ViewController.m */,
				D34D74D32557463A00051B13 /* GamesViewControllersCommon.h */,
				D34D74D42557463A00051B13 /* GamesViewControllersCommon.m */,
				D34D74D9255757BF00051B13 /* CardAttributedDescription.h */,
				D34D74DF25575A1A00051B13 /* PlayingCardAttributedDescription.h */,
				D34D74E025575A1A00051B13 /* PlayingCardAttributedDescription.m */,
				D394F3E825575B870028D2D5 /* SetCardAttributedDescription.h */,
				D394F3E925575B870028D2D5 /* SetCardAttributedDescription.m */,
				D34D74DA255757BF00051B13 /* CardAttributedDescription.m */,
				D3ABCC5C2546CC7300005FAB /* Main.storyboard */,
				D34D74BB2554AF6F00051B13 /* SetGameViewController.h */,
				D34D74BC2554AF6F00051B13 /* SetGameViewController.m */,
				D3ABCCBD254709B000005FAB /* Model */,
				D3ABCC5F2546CC7400005FAB /* Assets.xcassets */,
				D3ABCC612546CC7400005FAB /* LaunchScreen.storyboard */,
				D3ABCC642546CC7400005FAB /* Info.plist */,
				D3ABCC652546CC7400005FAB /* main.m */,
			);
			path = Machismo;
			sourceTree = "<group>";
		};
		D3ABCC6E2546CC7400005FAB /* MachismoTests */ = {
			isa = PBXGroup;
			children = (
				D3ABCC6F2546CC7400005FAB /* MachismoTests.m */,
				D3ABCC712546CC7400005FAB /* Info.plist */,
			);
			path = MachismoTests;
			sourceTree = "<group>";
		};
		D3ABCC792546CC7400005FAB /* MachismoUITests */ = {
			isa = PBXGroup;
			children = (
				D3ABCC7A2546CC7400005FAB /* MachismoUITests.m */,
				D3ABCC7C2546CC7400005FAB /* Info.plist */,
			);
			path = MachismoUITests;
			sourceTree = "<group>";
		};
		D3ABCCBD254709B000005FAB /* Model */ = {
			isa = PBXGroup;
			children = (
				D34D74C4255703DD00051B13 /* SetCard.h */,
				D34D74C1255703DD00051B13 /* SetCard.m */,
				D34D74C3255703DD00051B13 /* SetCardDeck.h */,
				D34D74C2255703DD00051B13 /* SetCardDeck.m */,
				D3100D9A25494686004B01DE /* CardMatchingGame.h */,
				D3100D9B25494686004B01DE /* CardMatchingGame.m */,
				D3ABCCB72547090C00005FAB /* Card.h */,
				D3ABCCB82547090C00005FAB /* Card.m */,
				D3ABCCC525470D0100005FAB /* PlayngCard.h */,
				D3ABCCC625470D0100005FAB /* PlayngCard.m */,
				D3ABCCCB2547D8B400005FAB /* Deck.h */,
				D3ABCCCC2547D8B400005FAB /* Deck.m */,
				D3ABCCD12547DE3B00005FAB /* PlayngCardDeck.h */,
				D3ABCCD22547DE3B00005FAB /* PlayngCardDeck.m */,
			);
			path = Model;
			sourceTree = "<group>";
		};
		D3ABCCC125470AA000005FAB /* Supporting Files */ = {
			isa = PBXGroup;
			children = (
				D3ABCC532546CC7300005FAB /* AppDelegate.h */,
				D3ABCC542546CC7300005FAB /* AppDelegate.m */,
			);
			path = "Supporting Files";
			sourceTree = "<group>";
		};
/* End PBXGroup section */

/* Begin PBXNativeTarget section */
		D3ABCC4F2546CC7300005FAB /* Machismo */ = {
			isa = PBXNativeTarget;
			buildConfigurationList = D3ABCC7F2546CC7400005FAB /* Build configuration list for PBXNativeTarget "Machismo" */;
			buildPhases = (
				D3ABCC4C2546CC7300005FAB /* Sources */,
				D3ABCC4D2546CC7300005FAB /* Frameworks */,
				D3ABCC4E2546CC7300005FAB /* Resources */,
			);
			buildRules = (
			);
			dependencies = (
			);
			name = Machismo;
			productName = Machismo;
			productReference = D3ABCC502546CC7300005FAB /* Machismo.app */;
			productType = "com.apple.product-type.application";
		};
		D3ABCC6A2546CC7400005FAB /* MachismoTests */ = {
			isa = PBXNativeTarget;
			buildConfigurationList = D3ABCC822546CC7400005FAB /* Build configuration list for PBXNativeTarget "MachismoTests" */;
			buildPhases = (
				D3ABCC672546CC7400005FAB /* Sources */,
				D3ABCC682546CC7400005FAB /* Frameworks */,
				D3ABCC692546CC7400005FAB /* Resources */,
			);
			buildRules = (
			);
			dependencies = (
				D3ABCC6D2546CC7400005FAB /* PBXTargetDependency */,
			);
			name = MachismoTests;
			productName = MachismoTests;
			productReference = D3ABCC6B2546CC7400005FAB /* MachismoTests.xctest */;
			productType = "com.apple.product-type.bundle.unit-test";
		};
		D3ABCC752546CC7400005FAB /* MachismoUITests */ = {
			isa = PBXNativeTarget;
			buildConfigurationList = D3ABCC852546CC7400005FAB /* Build configuration list for PBXNativeTarget "MachismoUITests" */;
			buildPhases = (
				D3ABCC722546CC7400005FAB /* Sources */,
				D3ABCC732546CC7400005FAB /* Frameworks */,
				D3ABCC742546CC7400005FAB /* Resources */,
			);
			buildRules = (
			);
			dependencies = (
				D3ABCC782546CC7400005FAB /* PBXTargetDependency */,
			);
			name = MachismoUITests;
			productName = MachismoUITests;
			productReference = D3ABCC762546CC7400005FAB /* MachismoUITests.xctest */;
			productType = "com.apple.product-type.bundle.ui-testing";
		};
/* End PBXNativeTarget section */

/* Begin PBXProject section */
		D3ABCC482546CC7300005FAB /* Project object */ = {
			isa = PBXProject;
			attributes = {
				LastUpgradeCheck = 1210;
				TargetAttributes = {
					D3ABCC4F2546CC7300005FAB = {
						CreatedOnToolsVersion = 12.1;
					};
					D3ABCC6A2546CC7400005FAB = {
						CreatedOnToolsVersion = 12.1;
						TestTargetID = D3ABCC4F2546CC7300005FAB;
					};
					D3ABCC752546CC7400005FAB = {
						CreatedOnToolsVersion = 12.1;
						TestTargetID = D3ABCC4F2546CC7300005FAB;
					};
				};
			};
			buildConfigurationList = D3ABCC4B2546CC7300005FAB /* Build configuration list for PBXProject "Machismo" */;
			compatibilityVersion = "Xcode 9.3";
			developmentRegion = en;
			hasScannedForEncodings = 0;
			knownRegions = (
				en,
				Base,
			);
			mainGroup = D3ABCC472546CC7300005FAB;
			productRefGroup = D3ABCC512546CC7300005FAB /* Products */;
			projectDirPath = "";
			projectRoot = "";
			targets = (
				D3ABCC4F2546CC7300005FAB /* Machismo */,
				D3ABCC6A2546CC7400005FAB /* MachismoTests */,
				D3ABCC752546CC7400005FAB /* MachismoUITests */,
			);
		};
/* End PBXProject section */

/* Begin PBXResourcesBuildPhase section */
		D3ABCC4E2546CC7300005FAB /* Resources */ = {
			isa = PBXResourcesBuildPhase;
			buildActionMask = 2147483647;
			files = (
				D3ABCC632546CC7400005FAB /* LaunchScreen.storyboard in Resources */,
				D3ABCC602546CC7400005FAB /* Assets.xcassets in Resources */,
				D3ABCC5E2546CC7300005FAB /* Main.storyboard in Resources */,
			);
			runOnlyForDeploymentPostprocessing = 0;
		};
		D3ABCC692546CC7400005FAB /* Resources */ = {
			isa = PBXResourcesBuildPhase;
			buildActionMask = 2147483647;
			files = (
			);
			runOnlyForDeploymentPostprocessing = 0;
		};
		D3ABCC742546CC7400005FAB /* Resources */ = {
			isa = PBXResourcesBuildPhase;
			buildActionMask = 2147483647;
			files = (
			);
			runOnlyForDeploymentPostprocessing = 0;
		};
/* End PBXResourcesBuildPhase section */

/* Begin PBXSourcesBuildPhase section */
		D3ABCC4C2546CC7300005FAB /* Sources */ = {
			isa = PBXSourcesBuildPhase;
			buildActionMask = 2147483647;
			files = (
				D3ABCCC725470D0100005FAB /* PlayngCard.m in Sources */,
				D34D74D52557463A00051B13 /* GamesViewControllersCommon.m in Sources */,
				D3ABCCCD2547D8B400005FAB /* Deck.m in Sources */,
				D3ABCCB92547090C00005FAB /* Card.m in Sources */,
				D3100D9C25494686004B01DE /* CardMatchingGame.m in Sources */,
				D3ABCC5B2546CC7300005FAB /* ViewController.m in Sources */,
				D34D74C5255703DD00051B13 /* SetCard.m in Sources */,
				D3ABCC552546CC7300005FAB /* AppDelegate.m in Sources */,
				D34D74E125575A1A00051B13 /* PlayingCardAttributedDescription.m in Sources */,
				D3ABCC662546CC7400005FAB /* main.m in Sources */,
				D3ABCC582546CC7300005FAB /* SceneDelegate.m in Sources */,
				D394F3EA25575B870028D2D5 /* SetCardAttributedDescription.m in Sources */,
				D34D74C6255703DD00051B13 /* SetCardDeck.m in Sources */,
				D3ABCCD32547DE3B00005FAB /* PlayngCardDeck.m in Sources */,
				D34D74DB255757BF00051B13 /* CardAttributedDescription.m in Sources */,
				D34D74BD2554AF6F00051B13 /* SetGameViewController.m in Sources */,
			);
			runOnlyForDeploymentPostprocessing = 0;
		};
		D3ABCC672546CC7400005FAB /* Sources */ = {
			isa = PBXSourcesBuildPhase;
			buildActionMask = 2147483647;
			files = (
				D3ABCC702546CC7400005FAB /* MachismoTests.m in Sources */,
			);
			runOnlyForDeploymentPostprocessing = 0;
		};
		D3ABCC722546CC7400005FAB /* Sources */ = {
			isa = PBXSourcesBuildPhase;
			buildActionMask = 2147483647;
			files = (
				D3ABCC7B2546CC7400005FAB /* MachismoUITests.m in Sources */,
			);
			runOnlyForDeploymentPostprocessing = 0;
		};
/* End PBXSourcesBuildPhase section */

/* Begin PBXTargetDependency section */
		D3ABCC6D2546CC7400005FAB /* PBXTargetDependency */ = {
			isa = PBXTargetDependency;
			target = D3ABCC4F2546CC7300005FAB /* Machismo */;
			targetProxy = D3ABCC6C2546CC7400005FAB /* PBXContainerItemProxy */;
		};
		D3ABCC782546CC7400005FAB /* PBXTargetDependency */ = {
			isa = PBXTargetDependency;
			target = D3ABCC4F2546CC7300005FAB /* Machismo */;
			targetProxy = D3ABCC772546CC7400005FAB /* PBXContainerItemProxy */;
		};
/* End PBXTargetDependency section */

/* Begin PBXVariantGroup section */
		D3ABCC5C2546CC7300005FAB /* Main.storyboard */ = {
			isa = PBXVariantGroup;
			children = (
				D3ABCC5D2546CC7300005FAB /* Base */,
			);
			name = Main.storyboard;
			sourceTree = "<group>";
		};
		D3ABCC612546CC7400005FAB /* LaunchScreen.storyboard */ = {
			isa = PBXVariantGroup;
			children = (
				D3ABCC622546CC7400005FAB /* Base */,
			);
			name = LaunchScreen.storyboard;
			sourceTree = "<group>";
		};
/* End PBXVariantGroup section */

/* Begin XCBuildConfiguration section */
		D3ABCC7D2546CC7400005FAB /* Debug */ = {
			isa = XCBuildConfiguration;
			buildSettings = {
				ALWAYS_SEARCH_USER_PATHS = NO;
				CLANG_ANALYZER_NONNULL = YES;
				CLANG_ANALYZER_NUMBER_OBJECT_CONVERSION = YES_AGGRESSIVE;
				CLANG_CXX_LANGUAGE_STANDARD = "gnu++14";
				CLANG_CXX_LIBRARY = "libc++";
				CLANG_ENABLE_MODULES = YES;
				CLANG_ENABLE_OBJC_ARC = YES;
				CLANG_ENABLE_OBJC_WEAK = YES;
				CLANG_WARN_BLOCK_CAPTURE_AUTORELEASING = YES;
				CLANG_WARN_BOOL_CONVERSION = YES;
				CLANG_WARN_COMMA = YES;
				CLANG_WARN_CONSTANT_CONVERSION = YES;
				CLANG_WARN_DEPRECATED_OBJC_IMPLEMENTATIONS = YES;
				CLANG_WARN_DIRECT_OBJC_ISA_USAGE = YES_ERROR;
				CLANG_WARN_DOCUMENTATION_COMMENTS = YES;
				CLANG_WARN_EMPTY_BODY = YES;
				CLANG_WARN_ENUM_CONVERSION = YES;
				CLANG_WARN_INFINITE_RECURSION = YES;
				CLANG_WARN_INT_CONVERSION = YES;
				CLANG_WARN_NON_LITERAL_NULL_CONVERSION = YES;
				CLANG_WARN_OBJC_IMPLICIT_RETAIN_SELF = YES;
				CLANG_WARN_OBJC_LITERAL_CONVERSION = YES;
				CLANG_WARN_OBJC_ROOT_CLASS = YES_ERROR;
				CLANG_WARN_QUOTED_INCLUDE_IN_FRAMEWORK_HEADER = YES;
				CLANG_WARN_RANGE_LOOP_ANALYSIS = YES;
				CLANG_WARN_STRICT_PROTOTYPES = YES;
				CLANG_WARN_SUSPICIOUS_MOVE = YES;
				CLANG_WARN_UNGUARDED_AVAILABILITY = YES_AGGRESSIVE;
				CLANG_WARN_UNREACHABLE_CODE = YES;
				CLANG_WARN__DUPLICATE_METHOD_MATCH = YES;
				COPY_PHASE_STRIP = NO;
				DEBUG_INFORMATION_FORMAT = dwarf;
				ENABLE_STRICT_OBJC_MSGSEND = YES;
				ENABLE_TESTABILITY = YES;
				GCC_C_LANGUAGE_STANDARD = gnu11;
				GCC_DYNAMIC_NO_PIC = NO;
				GCC_NO_COMMON_BLOCKS = YES;
				GCC_OPTIMIZATION_LEVEL = 0;
				GCC_PREPROCESSOR_DEFINITIONS = (
					"DEBUG=1",
					"$(inherited)",
				);
				GCC_WARN_64_TO_32_BIT_CONVERSION = YES;
				GCC_WARN_ABOUT_RETURN_TYPE = YES_ERROR;
				GCC_WARN_UNDECLARED_SELECTOR = YES;
				GCC_WARN_UNINITIALIZED_AUTOS = YES_AGGRESSIVE;
				GCC_WARN_UNUSED_FUNCTION = YES;
				GCC_WARN_UNUSED_VARIABLE = YES;
				IPHONEOS_DEPLOYMENT_TARGET = 14.1;
				MTL_ENABLE_DEBUG_INFO = INCLUDE_SOURCE;
				MTL_FAST_MATH = YES;
				ONLY_ACTIVE_ARCH = YES;
				SDKROOT = iphoneos;
			};
			name = Debug;
		};
		D3ABCC7E2546CC7400005FAB /* Release */ = {
			isa = XCBuildConfiguration;
			buildSettings = {
				ALWAYS_SEARCH_USER_PATHS = NO;
				CLANG_ANALYZER_NONNULL = YES;
				CLANG_ANALYZER_NUMBER_OBJECT_CONVERSION = YES_AGGRESSIVE;
				CLANG_CXX_LANGUAGE_STANDARD = "gnu++14";
				CLANG_CXX_LIBRARY = "libc++";
				CLANG_ENABLE_MODULES = YES;
				CLANG_ENABLE_OBJC_ARC = YES;
				CLANG_ENABLE_OBJC_WEAK = YES;
				CLANG_WARN_BLOCK_CAPTURE_AUTORELEASING = YES;
				CLANG_WARN_BOOL_CONVERSION = YES;
				CLANG_WARN_COMMA = YES;
				CLANG_WARN_CONSTANT_CONVERSION = YES;
				CLANG_WARN_DEPRECATED_OBJC_IMPLEMENTATIONS = YES;
				CLANG_WARN_DIRECT_OBJC_ISA_USAGE = YES_ERROR;
				CLANG_WARN_DOCUMENTATION_COMMENTS = YES;
				CLANG_WARN_EMPTY_BODY = YES;
				CLANG_WARN_ENUM_CONVERSION = YES;
				CLANG_WARN_INFINITE_RECURSION = YES;
				CLANG_WARN_INT_CONVERSION = YES;
				CLANG_WARN_NON_LITERAL_NULL_CONVERSION = YES;
				CLANG_WARN_OBJC_IMPLICIT_RETAIN_SELF = YES;
				CLANG_WARN_OBJC_LITERAL_CONVERSION = YES;
				CLANG_WARN_OBJC_ROOT_CLASS = YES_ERROR;
				CLANG_WARN_QUOTED_INCLUDE_IN_FRAMEWORK_HEADER = YES;
				CLANG_WARN_RANGE_LOOP_ANALYSIS = YES;
				CLANG_WARN_STRICT_PROTOTYPES = YES;
				CLANG_WARN_SUSPICIOUS_MOVE = YES;
				CLANG_WARN_UNGUARDED_AVAILABILITY = YES_AGGRESSIVE;
				CLANG_WARN_UNREACHABLE_CODE = YES;
				CLANG_WARN__DUPLICATE_METHOD_MATCH = YES;
				COPY_PHASE_STRIP = NO;
				DEBUG_INFORMATION_FORMAT = "dwarf-with-dsym";
				ENABLE_NS_ASSERTIONS = NO;
				ENABLE_STRICT_OBJC_MSGSEND = YES;
				GCC_C_LANGUAGE_STANDARD = gnu11;
				GCC_NO_COMMON_BLOCKS = YES;
				GCC_WARN_64_TO_32_BIT_CONVERSION = YES;
				GCC_WARN_ABOUT_RETURN_TYPE = YES_ERROR;
				GCC_WARN_UNDECLARED_SELECTOR = YES;
				GCC_WARN_UNINITIALIZED_AUTOS = YES_AGGRESSIVE;
				GCC_WARN_UNUSED_FUNCTION = YES;
				GCC_WARN_UNUSED_VARIABLE = YES;
				IPHONEOS_DEPLOYMENT_TARGET = 14.1;
				MTL_ENABLE_DEBUG_INFO = NO;
				MTL_FAST_MATH = YES;
				SDKROOT = iphoneos;
				VALIDATE_PRODUCT = YES;
			};
			name = Release;
		};
		D3ABCC802546CC7400005FAB /* Debug */ = {
			isa = XCBuildConfiguration;
			buildSettings = {
				ASSETCATALOG_COMPILER_APPICON_NAME = AppIcon;
				ASSETCATALOG_COMPILER_GLOBAL_ACCENT_COLOR_NAME = AccentColor;
				CODE_SIGN_STYLE = Automatic;
				DEVELOPMENT_TEAM = KG6GWND6BG;
				INFOPLIST_FILE = Machismo/Info.plist;
				LD_RUNPATH_SEARCH_PATHS = (
					"$(inherited)",
					"@executable_path/Frameworks",
				);
				PRODUCT_BUNDLE_IDENTIFIER = lightricks.Machismo;
				PRODUCT_NAME = "$(TARGET_NAME)";
				TARGETED_DEVICE_FAMILY = 1;
			};
			name = Debug;
		};
		D3ABCC812546CC7400005FAB /* Release */ = {
			isa = XCBuildConfiguration;
			buildSettings = {
				ASSETCATALOG_COMPILER_APPICON_NAME = AppIcon;
				ASSETCATALOG_COMPILER_GLOBAL_ACCENT_COLOR_NAME = AccentColor;
				CODE_SIGN_STYLE = Automatic;
				DEVELOPMENT_TEAM = KG6GWND6BG;
				INFOPLIST_FILE = Machismo/Info.plist;
				LD_RUNPATH_SEARCH_PATHS = (
					"$(inherited)",
					"@executable_path/Frameworks",
				);
				PRODUCT_BUNDLE_IDENTIFIER = lightricks.Machismo;
				PRODUCT_NAME = "$(TARGET_NAME)";
				TARGETED_DEVICE_FAMILY = 1;
			};
			name = Release;
		};
		D3ABCC832546CC7400005FAB /* Debug */ = {
			isa = XCBuildConfiguration;
			buildSettings = {
				BUNDLE_LOADER = "$(TEST_HOST)";
				CODE_SIGN_STYLE = Automatic;
				DEVELOPMENT_TEAM = KG6GWND6BG;
				INFOPLIST_FILE = MachismoTests/Info.plist;
				IPHONEOS_DEPLOYMENT_TARGET = 14.1;
				LD_RUNPATH_SEARCH_PATHS = (
					"$(inherited)",
					"@executable_path/Frameworks",
					"@loader_path/Frameworks",
				);
				PRODUCT_BUNDLE_IDENTIFIER = lightricks.MachismoTests;
				PRODUCT_NAME = "$(TARGET_NAME)";
				TARGETED_DEVICE_FAMILY = "1,2";
				TEST_HOST = "$(BUILT_PRODUCTS_DIR)/Machismo.app/Machismo";
			};
			name = Debug;
		};
		D3ABCC842546CC7400005FAB /* Release */ = {
			isa = XCBuildConfiguration;
			buildSettings = {
				BUNDLE_LOADER = "$(TEST_HOST)";
				CODE_SIGN_STYLE = Automatic;
				DEVELOPMENT_TEAM = KG6GWND6BG;
				INFOPLIST_FILE = MachismoTests/Info.plist;
				IPHONEOS_DEPLOYMENT_TARGET = 14.1;
				LD_RUNPATH_SEARCH_PATHS = (
					"$(inherited)",
					"@executable_path/Frameworks",
					"@loader_path/Frameworks",
				);
				PRODUCT_BUNDLE_IDENTIFIER = lightricks.MachismoTests;
				PRODUCT_NAME = "$(TARGET_NAME)";
				TARGETED_DEVICE_FAMILY = "1,2";
				TEST_HOST = "$(BUILT_PRODUCTS_DIR)/Machismo.app/Machismo";
			};
			name = Release;
		};
		D3ABCC862546CC7400005FAB /* Debug */ = {
			isa = XCBuildConfiguration;
			buildSettings = {
				CODE_SIGN_STYLE = Automatic;
				DEVELOPMENT_TEAM = KG6GWND6BG;
				INFOPLIST_FILE = MachismoUITests/Info.plist;
				LD_RUNPATH_SEARCH_PATHS = (
					"$(inherited)",
					"@executable_path/Frameworks",
					"@loader_path/Frameworks",
				);
				PRODUCT_BUNDLE_IDENTIFIER = lightricks.MachismoUITests;
				PRODUCT_NAME = "$(TARGET_NAME)";
				TARGETED_DEVICE_FAMILY = "1,2";
				TEST_TARGET_NAME = Machismo;
			};
			name = Debug;
		};
		D3ABCC872546CC7400005FAB /* Release */ = {
			isa = XCBuildConfiguration;
			buildSettings = {
				CODE_SIGN_STYLE = Automatic;
				DEVELOPMENT_TEAM = KG6GWND6BG;
				INFOPLIST_FILE = MachismoUITests/Info.plist;
				LD_RUNPATH_SEARCH_PATHS = (
					"$(inherited)",
					"@executable_path/Frameworks",
					"@loader_path/Frameworks",
				);
				PRODUCT_BUNDLE_IDENTIFIER = lightricks.MachismoUITests;
				PRODUCT_NAME = "$(TARGET_NAME)";
				TARGETED_DEVICE_FAMILY = "1,2";
				TEST_TARGET_NAME = Machismo;
			};
			name = Release;
		};
/* End XCBuildConfiguration section */

/* Begin XCConfigurationList section */
		D3ABCC4B2546CC7300005FAB /* Build configuration list for PBXProject "Machismo" */ = {
			isa = XCConfigurationList;
			buildConfigurations = (
				D3ABCC7D2546CC7400005FAB /* Debug */,
				D3ABCC7E2546CC7400005FAB /* Release */,
			);
			defaultConfigurationIsVisible = 0;
			defaultConfigurationName = Release;
		};
		D3ABCC7F2546CC7400005FAB /* Build configuration list for PBXNativeTarget "Machismo" */ = {
			isa = XCConfigurationList;
			buildConfigurations = (
				D3ABCC802546CC7400005FAB /* Debug */,
				D3ABCC812546CC7400005FAB /* Release */,
			);
			defaultConfigurationIsVisible = 0;
			defaultConfigurationName = Release;
		};
		D3ABCC822546CC7400005FAB /* Build configuration list for PBXNativeTarget "MachismoTests" */ = {
			isa = XCConfigurationList;
			buildConfigurations = (
				D3ABCC832546CC7400005FAB /* Debug */,
				D3ABCC842546CC7400005FAB /* Release */,
			);
			defaultConfigurationIsVisible = 0;
			defaultConfigurationName = Release;
		};
		D3ABCC852546CC7400005FAB /* Build configuration list for PBXNativeTarget "MachismoUITests" */ = {
			isa = XCConfigurationList;
			buildConfigurations = (
				D3ABCC862546CC7400005FAB /* Debug */,
				D3ABCC872546CC7400005FAB /* Release */,
			);
			defaultConfigurationIsVisible = 0;
			defaultConfigurationName = Release;
		};
/* End XCConfigurationList section */
	};
	rootObject = D3ABCC482546CC7300005FAB /* Project object */;
}
